{"items":[{"has_synonyms":false,"is_moderator_only":false,"is_required":false,"count":57,"name":"npm-shrinkwrap"},{"has_synonyms":true,"is_moderator_only":false,"is_required":false,"count":46,"name":"npm"},{"has_synonyms":true,"is_moderator_only":false,"is_required":false,"count":34,"name":"node.js"},{"has_synonyms":false,"is_moderator_only":false,"is_required":false,"count":11,"name":"npm-install"},{"has_synonyms":true,"is_moderator_only":false,"is_required":false,"count":5,"name":"javascript"},{"has_synonyms":true,"is_moderator_only":false,"is_required":false,"count":5,"name":"reactjs"},{"has_synonyms":false,"is_moderator_only":false,"is_required":false,"count":5,"name":"package-lock.json"},{"has_synonyms":true,"is_moderator_only":false,"is_required":false,"count":3,"name":"git"},{"has_synonyms":true,"is_moderator_only":false,"is_required":false,"count":3,"name":"dependencies"},{"has_synonyms":false,"is_moderator_only":false,"is_required":false,"count":3,"name":"node-modules"},{"has_synonyms":true,"is_moderator_only":false,"is_required":false,"count":2,"name":"json"},{"has_synonyms":true,"is_moderator_only":false,"is_required":false,"count":2,"name":"meteor"},{"has_synonyms":false,"is_moderator_only":false,"is_required":false,"count":2,"name":"artifactory"},{"has_synonyms":false,"is_moderator_only":false,"is_required":false,"count":2,"name":"yarnpkg"},{"has_synonyms":false,"is_moderator_only":false,"is_required":false,"count":2,"name":"package.json"},{"has_synonyms":false,"is_moderator_only":false,"is_required":false,"count":2,"name":"githooks"},{"has_synonyms":false,"is_moderator_only":false,"is_required":false,"count":2,"name":"shrinkwrap"},{"has_synonyms":false,"is_moderator_only":false,"is_required":false,"count":2,"name":"lockfile"},{"has_synonyms":true,"is_moderator_only":false,"is_required":false,"count":1,"name":"amazon-web-services"},{"has_synonyms":true,"is_moderator_only":false,"is_required":false,"count":1,"name":"react-native"},{"has_synonyms":false,"is_moderator_only":false,"is_required":false,"count":1,"name":"nginx"},{"has_synonyms":true,"is_moderator_only":false,"is_required":false,"count":1,"name":"recursion"},{"has_synonyms":false,"is_moderator_only":false,"is_required":false,"count":1,"name":"webpack"},{"has_synonyms":true,"is_moderator_only":false,"is_required":false,"count":1,"name":"amazon-ec2"},{"has_synonyms":false,"is_moderator_only":false,"is_required":false,"count":1,"name":"proxy"},{"has_synonyms":true,"is_moderator_only":false,"is_required":false,"count":1,"name":"nested"},{"has_synonyms":true,"is_moderator_only":false,"is_required":false,"count":1,"name":"material-ui"},{"has_synonyms":true,"is_moderator_only":false,"is_required":false,"count":1,"name":"command-line-interface"},{"has_synonyms":false,"is_moderator_only":false,"is_required":false,"count":1,"name":"jq"},{"has_synonyms":true,"is_moderator_only":false,"is_required":false,"count":1,"name":"symlink"},{"has_synonyms":false,"is_moderator_only":false,"is_required":false,"count":1,"name":"package-managers"},{"has_synonyms":false,"is_moderator_only":false,"is_required":false,"count":1,"name":"cucumberjs"},{"has_synonyms":true,"is_moderator_only":false,"is_required":false,"count":1,"name":"semantic-versioning"},{"has_synonyms":false,"is_moderator_only":false,"is_required":false,"count":1,"name":"windows-10-desktop"},{"has_synonyms":false,"is_moderator_only":false,"is_required":false,"count":1,"name":"fsevents"},{"has_synonyms":false,"is_moderator_only":false,"is_required":false,"count":1,"name":"request-timed-out"},{"has_synonyms":false,"is_moderator_only":false,"is_required":false,"count":1,"name":"jsdata"},{"has_synonyms":false,"is_moderator_only":false,"is_required":false,"count":1,"name":"proget"},{"has_synonyms":false,"is_moderator_only":false,"is_required":false,"count":1,"name":"dependency-resolution"},{"has_synonyms":false,"is_moderator_only":false,"is_required":false,"count":1,"name":"js-data-angular"},{"has_synonyms":false,"is_moderator_only":false,"is_required":false,"count":1,"name":"npm-lazy"}],"has_more":false,"quota_max":10000,"quota_remaining":9637}